
Microsoft Visual Studio Solution File, Format Version 12.00
# Visual Studio Version 16
VisualStudioVersion = 16.0.30503.244
MinimumVisualStudioVersion = 10.0.40219.1
Project("{FAE04EC0-301F-11D3-BF4B-00C04F79EFBC}") = "Lab1-000755520", "Lab1-000755520\Lab1-000755520.csproj", "{26DF9903-F369-4325-83CE-13CFA1725FAB}"
EndProject
Global
	GlobalSection(SolutionConfigurationPlatforms) = preSolution
		Debug|Any CPU = Debug|Any CPU
		Release|Any CPU = Release|Any CPU
	EndGlobalSection
	GlobalSection(ProjectConfigurationPlatforms) = postSolution
		{26DF9903-F369-4325-83CE-13CFA1725FAB}.Debug|Any CPU.ActiveCfg = Debug|Any CPU
		{26DF9903-F369-4325-83CE-13CFA1725FAB}.Debug|Any CPU.Build.0 = Debug|Any CPU
		{26DF9903-F369-4325-83CE-13CFA1725FAB}.Release|Any CPU.ActiveCfg = Release|Any CPU
		{26DF9903-F369-4325-83CE-13CFA1725FAB}.Release|Any CPU.Build.0 = Release|Any CPU
	EndGlobalSection
	GlobalSection(SolutionProperties) = preSolution
		HideSolutionNode = FALSE
	EndGlobalSection
	GlobalSection(ExtensibilityGlobals) = postSolution
		SolutionGuid = {9FA0BC4A-3A5C-4CBA-B807-40852016B6ED}
	EndGlobalSection
EndGlobal
